version = 1
revision = 3
requires-python = ">=3.13"

[[package]]
name = "altgraph"
version = "0.17.5"
source = { registry = "https://pypi.org/simple" }
sdist = { url = "https://files.pythonhosted.org/packages/7e/f8/97fdf103f38fed6792a1601dbc16cc8aac56e7459a9fff08c812d8ae177a/altgraph-0.17.5.tar.gz", hash = "sha256:c87b395dd12fabde9c99573a9749d67da8d29ef9de0125c7f536699b4a9bc9e7", size = 48428, upload-time = "2025-11-21T20:35:50.583Z" }
wheels = [
    { url = "https://files.pythonhosted.org/packages/a9/ba/000a1996d4308bc65120167c21241a3b205464a2e0b58deda26ae8ac21d1/altgraph-0.17.5-py2.py3-none-any.whl", hash = "sha256:f3a22400bce1b0c701683820ac4f3b159cd301acab067c51c653e06961600597", size = 21228, upload-time = "2025-11-21T20:35:49.444Z" },
]

[[package]]
name = "anyio"
version = "4.14.2"
source = { registry = "https://pypi.org/simple" }
dependencies = [
    { name = "idna" },
]
sdist = { url = "https://files.pythonhosted.org/packages/61/cc/a381afa6efea9f496eff839d4a6a1aed3bfafc7b3ab4b0d1b243a12573dd/anyio-4.14.2.tar.gz", hash = "sha256:cfa139f3ed1a23ee8f88a145ddb5ac7605b8bbfd8592baacd7ce3d8bb4313c7f", size = 260176, upload-time = "2026-07-12T20:29:07.082Z" }
wheels = [
    { url = "https://files.pythonhosted.org/packages/da/35/f2287558c17e29fafc8ef3daf819bb9834061cfa43bff8014f7df7f63bdc/anyio-4.14.2-py3-none-any.whl", hash = "sha256:9f505dda5ac9f0c8309b5e8bd445a8c2bf7246f3ce950121e45ea15bc41d1494", size = 125813, upload-time = "2026-07-12T20:29:05.763Z" },
]

[[package]]
name = "certifi"
version = "2026.7.22"
source = { registry = "https://pypi.org/simple" }
sdist = { url = "https://files.pythonhosted.org/packages/a3/c2/24167ea9858356b47a87a50d39908bfdb72ceeefe0041586e704e5376b3a/certifi-2026.7.22.tar.gz", hash = "sha256:741e2c3b351ddf169a738da9f2c048608ff7f2c5cc02f1ebc6b118bb090d5d55", size = 138112, upload-time = "2026-07-22T03:35:12.644Z" }
wheels = [
    { url = "https://files.pythonhosted.org/packages/0b/a7/71ac2cff56fec219ed242bb11b8efb69fcc4bec75db06fb7bfe35de520e6/certifi-2026.7.22-py3-none-any.whl", hash = "sha256:62f22742b58a1a33014a2b6b706588a8d7e2a88ae7bd1a6ebe8c992928483775", size = 136983, upload-time = "2026-07-22T03:35:11.276Z" },
]

[[package]]
name = "h11"
version = "0.16.0"
source = { registry = "https://pypi.org/simple" }
sdist = { url = "https://files.pythonhosted.org/packages/01/ee/02a2c011bdab74c6fb3c75474d40b3052059d95df7e73351460c8588d963/h11-0.16.0.tar.gz", hash = "sha256:4e35b956cf45792e4caa5885e69fba00bdbc6ffafbfa020300e549b208ee5ff1", size = 101250, upload-time = "2025-04-24T03:35:25.427Z" }
wheels = [
    { url = "https://files.pythonhosted.org/packages/04/4b/29cac41a4d98d144bf5f6d33995617b185d14b22401f75ca86f384e87ff1/h11-0.16.0-py3-none-any.whl", hash = "sha256:63cf8bbe7522de3bf65932fda1d9c2772064ffb3dae62d55932da54b31cb6c86", size = 37515, upload-time = "2025-04-24T03:35:24.344Z" },
]

[[package]]
name = "httpcore"
version = "1.0.9"
source = { registry = "https://pypi.org/simple" }
dependencies = [
    { name = "certifi" },
    { name = "h11" },
]
sdist = { url = "https://files.pythonhosted.org/packages/06/94/82699a10bca87a5556c9c59b5963f2d039dbd239f25bc2a63907a05a14cb/httpcore-1.0.9.tar.gz", hash = "sha256:6e34463af53fd2ab5d807f399a9b45ea31c3dfa2276f15a2c3f00afff6e176e8", size = 85484, upload-time = "2025-04-24T22:06:22.219Z" }
wheels = [
    { url = "https://files.pythonhosted.org/packages/7e/f5/f66802a942d491edb555dd61e3a9961140fd64c90bce1eafd741609d334d/httpcore-1.0.9-py3-none-any.whl", hash = "sha256:2d400746a40668fc9dec9810239072b40b4484b640a8c38fd654a024c7a1bf55", size = 78784, upload-time = "2025-04-24T22:06:20.566Z" },
]

[[package]]
name = "httpx"
version = "0.28.1"
source = { registry = "https://pypi.org/simple" }
dependencies = [
    { name = "anyio" },
    { name = "certifi" },
    { name = "httpcore" },
    { name = "idna" },
]
sdist = { url = "https://files.pythonhosted.org/packages/b1/df/48c586a5fe32a0f01324ee087459e112ebb7224f646c0b5023f5e79e9956/httpx-0.28.1.tar.gz", hash = "sha256:75e98c5f16b0f35b567856f597f06ff2270a374470a5c2392242528e3e3e42fc", size = 141406, upload-time = "2024-12-06T15:37:23.222Z" }
wheels = [
    { url = "https://files.pythonhosted.org/packages/2a/39/e50c7c3a983047577ee07d2a9e53faf5a69493943ec3f6a384bdc792deb2/httpx-0.28.1-py3-none-any.whl", hash = "sha256:d909fcccc110f8c7faf814ca82a9a4d816bc5a6dbfea25d6591d6985b8ba59ad", size = 73517, upload-time = "2024-12-06T15:37:21.509Z" },
]

[[package]]
name = "idna"
version = "3.19"
source = { registry = "https://pypi.org/simple" }
sdist = { url = "https://files.pythonhosted.org/packages/5f/f7/abb373e5757eaec4b922b92f97ec8d6d7e057cf06778247604fbc4e7c3f3/idna-3.19.tar.gz", hash = "sha256:5e0811a4383b21dc5838069f801c4fb62113b7447663d2530d2bd6e77b49bf15", size = 215237, upload-time = "2026-08-18T05:14:24.27Z" }
wheels = [
    { url = "https://files.pythonhosted.org/packages/57/b0/0e52c878c53f245edd3a11020f20979b3f490f245af532c7cae3027754b5/idna-3.19-py3-none-any.whl", hash = "sha256:815e7be7a7806d54abb586dc943addc79e8b2ee16915059658cbeff4b1b43bf4", size = 68550, upload-time = "2026-08-18T05:14:22.343Z" },
]

[[package]]
name = "macholib"
version = "1.16.4"
source = { registry = "https://pypi.org/simple" }
dependencies = [
    { name = "altgraph" },
]
sdist = { url = "https://files.pythonhosted.org/packages/10/2f/97589876ea967487978071c9042518d28b958d87b17dceb7cdc1d881f963/macholib-1.16.4.tar.gz", hash = "sha256:f408c93ab2e995cd2c46e34fe328b130404be143469e41bc366c807448979362", size = 59427, upload-time = "2025-11-22T08:28:38.373Z" }
wheels = [
    { url = "https://files.pythonhosted.org/packages/c7/d1/a9f36f8ecdf0fb7c9b1e78c8d7af12b8c8754e74851ac7b94a8305540fc7/macholib-1.16.4-py2.py3-none-any.whl", hash = "sha256:da1a3fa8266e30f0ce7e97c6a54eefaae8edd1e5f86f3eb8b95457cae90265ea", size = 38117, upload-time = "2025-11-22T08:28:36.939Z" },
]

[[package]]
name = "mouseinfo"
version = "0.1.3"
source = { registry = "https://pypi.org/simple" }
dependencies = [
    { name = "pyperclip" },
    { name = "python3-xlib", marker = "sys_platform == 'linux'" },
    { name = "rubicon-objc", marker = "sys_platform == 'darwin'" },
]
sdist = { url = "https://files.pythonhosted.org/packages/28/fa/b2ba8229b9381e8f6381c1dcae6f4159a7f72349e414ed19cfbbd1817173/MouseInfo-0.1.3.tar.gz", hash = "sha256:2c62fb8885062b8e520a3cce0a297c657adcc08c60952eb05bc8256ef6f7f6e7", size = 10850, upload-time = "2020-03-27T21:20:10.136Z" }

[[package]]
name = "packaging"
version = "26.3"
source = { registry = "https://pypi.org/simple" }
sdist = { url = "https://files.pythonhosted.org/packages/7d/fa/3944b40b07da9ce895c0e6303a5ab7d53da063554f534556b134a54d6093/packaging-26.3.tar.gz", hash = "sha256:94edc256424af38762eb31306eed28beb9f0efc50a8837492c9d6fd6004aed79", size = 313412, upload-time = "2026-08-04T18:15:28.737Z" }
wheels = [
    { url = "https://files.pythonhosted.org/packages/63/34/ba1c580383c9eada3711951fef0795c80b829a078d72188184bcab9dd527/packaging-26.3-py3-none-any.whl", hash = "sha256:d7193f7c8e4e93f444fde0262bf90af30e16fa0ad0ad44cb553c87339b23cd1c", size = 129956, upload-time = "2026-08-04T18:15:27.159Z" },
]

[[package]]
name = "pefile"
version = "2024.8.26"
source = { registry = "https://pypi.org/simple" }
sdist = { url = "https://files.pythonhosted.org/packages/03/4f/2750f7f6f025a1507cd3b7218691671eecfd0bbebebe8b39aa0fe1d360b8/pefile-2024.8.26.tar.gz", hash = "sha256:3ff6c5d8b43e8c37bb6e6dd5085658d658a7a0bdcd20b6a07b1fcfc1c4e9d632", size = 76008, upload-time = "2024-08-26T20:58:38.155Z" }
wheels = [
    { url = "https://files.pythonhosted.org/packages/54/16/12b82f791c7f50ddec566873d5bdd245baa1491bac11d15ffb98aecc8f8b/pefile-2024.8.26-py3-none-any.whl", hash = "sha256:76f8b485dcd3b1bb8166f1128d395fa3d87af26360c2358fb75b80019b957c6f", size = 74766, upload-time = "2024-08-26T21:01:02.632Z" },
]

[[package]]
name = "pillow"
version = "10.4.0"
source = { registry = "https://pypi.org/simple" }
sdist = { url = "https://files.pythonhosted.org/packages/cd/74/ad3d526f3bf7b6d3f408b73fde271ec69dfac8b81341a318ce825f2b3812/pillow-10.4.0.tar.gz", hash = "sha256:166c1cd4d24309b30d61f79f4a9114b7b2313d7450912277855ff5dfd7cd4a06", size = 46555059, upload-time = "2024-07-01T09:48:43.583Z" }
wheels = [
    { url = "https://files.pythonhosted.org/packages/c3/00/706cebe7c2c12a6318aabe5d354836f54adff7156fd9e1bd6c89f4ba0e98/pillow-10.4.0-cp313-cp313-macosx_10_13_x86_64.whl", hash = "sha256:8bc1a764ed8c957a2e9cacf97c8b2b053b70307cf2996aafd70e91a082e70df3", size = 3525685, upload-time = "2024-07-01T09:46:45.194Z" },
    { url = "https://files.pythonhosted.org/packages/cf/76/f658cbfa49405e5ecbfb9ba42d07074ad9792031267e782d409fd8fe7c69/pillow-10.4.0-cp313-cp313-macosx_11_0_arm64.whl", hash = "sha256:6209bb41dc692ddfee4942517c19ee81b86c864b626dbfca272ec0f7cff5d9fb", size = 3374883, upload-time = "2024-07-01T09:46:47.331Z" },
    { url = "https://files.pythonhosted.org/packages/46/2b/99c28c4379a85e65378211971c0b430d9c7234b1ec4d59b2668f6299e011/pillow-10.4.0-cp313-cp313-manylinux_2_17_aarch64.manylinux2014_aarch64.whl", hash = "sha256:bee197b30783295d2eb680b311af15a20a8b24024a19c3a26431ff83eb8d1f70", size = 4339837, upload-time = "2024-07-01T09:46:49.647Z" },
    { url = "https://files.pythonhosted.org/packages/f1/74/b1ec314f624c0c43711fdf0d8076f82d9d802afd58f1d62c2a86878e8615/pillow-10.4.0-cp313-cp313-manylinux_2_17_x86_64.manylinux2014_x86_64.whl", hash = "sha256:1ef61f5dd14c300786318482456481463b9d6b91ebe5ef12f405afbba77ed0be", size = 4455562, upload-time = "2024-07-01T09:46:51.811Z" },
    { url = "https://files.pythonhosted.org/packages/4a/2a/4b04157cb7b9c74372fa867096a1607e6fedad93a44deeff553ccd307868/pillow-10.4.0-cp313-cp313-manylinux_2_28_aarch64.whl", hash = "sha256:297e388da6e248c98bc4a02e018966af0c5f92dfacf5a5ca22fa01cb3179bca0", size = 4366761, upload-time = "2024-07-01T09:46:53.961Z" },
    { url = "https://files.pythonhosted.org/packages/ac/7b/8f1d815c1a6a268fe90481232c98dd0e5fa8c75e341a75f060037bd5ceae/pillow-10.4.0-cp313-cp313-manylinux_2_28_x86_64.whl", hash = "sha256:e4db64794ccdf6cb83a59d73405f63adbe2a1887012e308828596100a0b2f6cc", size = 4536767, upload-time = "2024-07-01T09:46:56.664Z" },
    { url = "https://files.pythonhosted.org/packages/e5/77/05fa64d1f45d12c22c314e7b97398ffb28ef2813a485465017b7978b3ce7/pillow-10.4.0-cp313-cp313-musllinux_1_2_aarch64.whl", hash = "sha256:bd2880a07482090a3bcb01f4265f1936a903d70bc740bfcb1fd4e8a2ffe5cf5a", size = 4477989, upload-time = "2024-07-01T09:46:58.977Z" },
    { url = "https://files.pythonhosted.org/packages/12/63/b0397cfc2caae05c3fb2f4ed1b4fc4fc878f0243510a7a6034ca59726494/pillow-10.4.0-cp313-cp313-musllinux_1_2_x86_64.whl", hash = "sha256:4b35b21b819ac1dbd1233317adeecd63495f6babf21b7b2512d244ff6c6ce309", size = 4610255, upload-time = "2024-07-01T09:47:01.189Z" },
    { url = "https://files.pythonhosted.org/packages/7b/f9/cfaa5082ca9bc4a6de66ffe1c12c2d90bf09c309a5f52b27759a596900e7/pillow-10.4.0-cp313-cp313-win32.whl", hash = "sha256:551d3fd6e9dc15e4c1eb6fc4ba2b39c0c7933fa113b220057a34f4bb3268a060", size = 2235603, upload-time = "2024-07-01T09:47:03.918Z" },
    { url = "https://files.pythonhosted.org/packages/01/6a/30ff0eef6e0c0e71e55ded56a38d4859bf9d3634a94a88743897b5f96936/pillow-10.4.0-cp313-cp313-win_amd64.whl", hash = "sha256:030abdbe43ee02e0de642aee345efa443740aa4d828bfe8e2eb11922ea6a21ea", size = 2554972, upload-time = "2024-07-01T09:47:06.152Z" },
    { url = "https://files.pythonhosted.org/packages/48/2c/2e0a52890f269435eee38b21c8218e102c621fe8d8df8b9dd06fabf879ba/pillow-10.4.0-cp313-cp313-win_arm64.whl", hash = "sha256:5b001114dd152cfd6b23befeb28d7aee43553e2402c9f159807bf55f33af8a8d", size = 2243375, upload-time = "2024-07-01T09:47:09.065Z" },
]

[[package]]
name = "pyautogui"
version = "0.9.54"
source = { registry = "https://pypi.org/simple" }
dependencies = [
    { name = "mouseinfo" },
    { name = "pygetwindow" },
    { name = "pymsgbox" },
    { name = "pyobjc-core", marker = "sys_platform == 'darwin'" },
    { name = "pyobjc-framework-quartz", marker = "sys_platform == 'darwin'" },
    { name = "pyscreeze" },
    { name = "python3-xlib", marker = "sys_platform == 'linux'" },
    { name = "pytweening" },
]
sdist = { url = "https://files.pythonhosted.org/packages/65/ff/cdae0a8c2118a0de74b6cf4cbcdcaf8fd25857e6c3f205ce4b1794b27814/PyAutoGUI-0.9.54.tar.gz", hash = "sha256:dd1d29e8fd118941cb193f74df57e5c6ff8e9253b99c7b04f39cfc69f3ae04b2", size = 61236, upload-time = "2023-05-24T20:11:32.972Z" }

[[package]]
name = "pygetwindow"
version = "0.0.9"
source = { registry = "https://pypi.org/simple" }
dependencies = [
    { name = "pyrect" },
]
sdist = { url = "https://files.pythonhosted.org/packages/e1/70/c7a4f46dbf06048c6d57d9489b8e0f9c4c3d36b7479f03c5ca97eaa2541d/PyGetWindow-0.0.9.tar.gz", hash = "sha256:17894355e7d2b305cd832d717708384017c1698a90ce24f6f7fbf0242dd0a688", size = 9699, upload-time = "2020-10-04T02:12:50.806Z" }

[[package]]
name = "pyinstaller"
version = "6.10.0"
source = { registry = "https://pypi.org/simple" }
dependencies = [
    { name = "altgraph" },
    { name = "macholib", marker = "sys_platform == 'darwin'" },
    { name = "packaging" },
    { name = "pefile", marker = "sys_platform == 'win32'" },
    { name = "pyinstaller-hooks-contrib" },
    { name = "pywin32-ctypes", marker = "sys_platform == 'win32'" },
    { name = "setuptools" },
]
sdist = { url = "https://files.pythonhosted.org/packages/5c/df/30b1f66d35defa37e676556acca4eb775b49637bb73054b0c31af134cd8a/pyinstaller-6.10.0.tar.gz", hash = "sha256:143840f8056ff7b910bf8f16f6cd92cc10a6c2680bb76d0a25d558d543d21270", size = 2464746, upload-time = "2024-08-10T16:37:15.601Z" }
wheels = [
    { url = "https://files.pythonhosted.org/packages/a6/fd/9b3c208c9cc822555b88c6af051da5f7291f367e4337ea44b138008ba2fb/pyinstaller-6.10.0-py3-none-macosx_10_13_universal2.whl", hash = "sha256:d60fb22859e11483af735aec115fdde09467cdbb29edd9844839f2c920b748c0", size = 984872, upload-time = "2024-08-10T16:35:22.129Z" },
    { url = "https://files.pythonhosted.org/packages/b7/1c/1071c69e21b27ca5b1ea185fb897a0e724e85b8c4456b0b142b0cac3c33b/pyinstaller-6.10.0-py3-none-manylinux2014_aarch64.whl", hash = "sha256:46d75359668993ddd98630a3669dc5249f3c446e35239b43bc7f4155bc574748", size = 705041, upload-time = "2024-08-10T16:35:31.61Z" },
    { url = "https://files.pythonhosted.org/packages/c4/44/4e20bf97d464cb27fd9b25321c94beb8d1f5ed7176af38fe6a22d8766d2e/pyinstaller-6.10.0-py3-none-manylinux2014_i686.whl", hash = "sha256:3398a98fa17d47ccb31f8779ecbdacec025f7adb2f22757a54b706ac8b4fe906", size = 707309, upload-time = "2024-08-10T16:35:40.622Z" },
    { url = "https://files.pythonhosted.org/packages/65/e7/452dc579bd38b50142a0886a3a0fd67aa14fb84ea0376f339a568931319c/pyinstaller-6.10.0-py3-none-manylinux2014_ppc64le.whl", hash = "sha256:e9989f354ae4ed8a3bec7bdb37ae0d170751d6520e500f049c7cd0632d31d5c3", size = 712476, upload-time = "2024-08-10T16:35:48.985Z" },
    { url = "https://files.pythonhosted.org/packages/6e/56/5ce76d7dd53f8ed13d91d0ac9688b5624c849ad2dfcee18ff5709955d150/pyinstaller-6.10.0-py3-none-manylinux2014_s390x.whl", hash = "sha256:b7c90c91921b3749083115b28f30f40abf2bb481ceff196d2b2ce0eaa2b3d429", size = 702859, upload-time = "2024-08-10T16:35:55.79Z" },
    { url = "https://files.pythonhosted.org/packages/19/78/604bec9cd73cd02ed29f7bd72ec25dff6eccc57554ec3ab096959fae65de/pyinstaller-6.10.0-py3-none-manylinux2014_x86_64.whl", hash = "sha256:6cf876d7d93b8b4f28d1ad57fa24645cf43119c79e985dd5e5f7a801245e6f53", size = 703343, upload-time = "2024-08-10T16:36:02.374Z" },
    { url = "https://files.pythonhosted.org/packages/ba/8f/f21b92a90bb48a0e59f448ff6f92a823457922207cede7ae3abedcbfb974/pyinstaller-6.10.0-py3-none-musllinux_1_1_aarch64.whl", hash = "sha256:db05e3f2f10f9f78c56f1fb163d9cb453433429fe4281218ebaf1ebfd39ba942", size = 707763, upload-time = "2024-08-10T16:36:08.251Z" },
    { url = "https://files.pythonhosted.org/packages/fa/77/eeac52914f24d952524493d3190f6a383582d4abb117076f50264eba0f9e/pyinstaller-6.10.0-py3-none-musllinux_1_1_x86_64.whl", hash = "sha256:28eca3817f176fdc19747e1afcf434f13bb9f17a644f611be2c5a61b1f498ed7", size = 703742, upload-time = "2024-08-10T16:36:14.311Z" },
    { url = "https://files.pythonhosted.org/packages/a2/fd/dcbeb93783b983c8bf5d9cab929361761b0c3bc560de5377041eb2aec2b0/pyinstaller-6.10.0-py3-none-win32.whl", hash = "sha256:703e041718987e46ba0568a2c71ecf2459fddef57cf9edf3efeed4a53e3dae3f", size = 1272503, upload-time = "2024-08-10T16:36:27.633Z" },
    { url = "https://files.pythonhosted.org/packages/c2/13/fe1ea2fb379a4ea86fa38c224b853b94227246840484feccbb4f2fded615/pyinstaller-6.10.0-py3-none-win_amd64.whl", hash = "sha256:95b55966e563e8b8f31a43882aea10169e9a11fdf38e626d86a2907b640c0701", size = 1332831, upload-time = "2024-08-10T16:36:38.305Z" },
    { url = "https://files.pythonhosted.org/packages/4e/4f/d46f182cae5b43d97b18fa5b167a233ec04fd616d60514aece08d5c45ab8/pyinstaller-6.10.0-py3-none-win_arm64.whl", hash = "sha256:308e0a8670c9c9ac0cebbf1bbb492e71b6675606f2ec78bc4adfc830d209e087", size = 1259686, upload-time = "2024-08-10T16:36:53.356Z" },
]

[[package]]
name = "pyinstaller-hooks-contrib"
version = "2026.7"
source = { registry = "https://pypi.org/simple" }
dependencies = [
    { name = "packaging" },
]
sdist = { url = "https://files.pythonhosted.org/packages/26/60/d881fa1ba8c160c18d8e6f782bb16ec4640c08bc08fc50f704c368ad4f9e/pyinstaller_hooks_contrib-2026.7.tar.gz", hash = "sha256:5fbcaacb22c4f4aac869a127dce283f67a4b4cfcc37d496f2446603e6d68aefa", size = 175992, upload-time = "2026-08-24T21:26:58.713Z" }
wheels = [
    { url = "https://files.pythonhosted.org/packages/0a/67/350377af7b50416344ab8792756d414eef7629c618a73e9a0b13bb1552d9/pyinstaller_hooks_contrib-2026.7-py3-none-any.whl", hash = "sha256:24257a04c7a5a7a034cf28e39dcee20fbeeb9f043076729480f2e1b69904408a", size = 459445, upload-time = "2026-08-24T21:26:57.274Z" },
]

[[package]]
name = "pymsgbox"
version = "2.0.1"
source = { registry = "https://pypi.org/simple" }
sdist = { url = "https://files.pythonhosted.org/packages/ae/6a/e80da7594ee598a776972d09e2813df2b06b3bc29218f440631dfa7c78a8/pymsgbox-2.0.1.tar.gz", hash = "sha256:98d055c49a511dcc10fa08c3043e7102d468f5e4b3a83c6d3c61df722c7d798d", size = 20768, upload-time = "2025-09-09T00:38:56.863Z" }
wheels = [
    { url = "https://files.pythonhosted.org/packages/6f/3e/08c8cac81b2b2f7502746e6b9c8e5b0ec6432cd882c605560fc409aaf087/pymsgbox-2.0.1-py3-none-any.whl", hash = "sha256:5de8ec19bca2ca7e6c09d39c817c83f17c75cee80275235f43a9931db699f73b", size = 9994, upload-time = "2025-09-09T00:38:55.672Z" },
]

[[package]]
name = "pyobjc-core"
version = "12.2.2"
source = { registry = "https://pypi.org/simple" }
sdist = { url = "https://files.pythonhosted.org/packages/a5/78/abc4ce5920305780aeb36b4067a86253378b36e29ba96673a3deb02eb03a/pyobjc_core-12.2.2.tar.gz", hash = "sha256:3906452339cd06a3bb07df103c2511d4cb0f7a22d8771c0b802eba15d9a642b6", size = 1067701, upload-time = "2026-08-11T19:43:39.059Z" }
wheels = [
    { url = "https://files.pythonhosted.org/packages/1b/ed/a8bf040caf3704023d74086b7fb96cf4ed2e844e24bd94e5248ba214b700/pyobjc_core-12.2.2-cp313-cp313-macosx_10_13_universal2.whl", hash = "sha256:950bd2d9c74634398c4e3d24ef2f213d4e23d705083697464fa67afedc53c1ad", size = 6427113, upload-time = "2026-08-11T15:04:39.424Z" },
    { url = "https://files.pythonhosted.org/packages/e7/5a/760f8b9e116edd43c57e33844dc17619158fbdd311250d4209910192d72d/pyobjc_core-12.2.2-cp313-cp313t-macosx_10_13_universal2.whl", hash = "sha256:3772b406edb3ff78171530a17cda1c4a7817f87b87ded0d8715b3fa664df16db", size = 6666817, upload-time = "2026-08-11T19:30:17.01Z" },
    { url = "https://files.pythonhosted.org/packages/13/37/486d38a173b0b8dce973a3e13c74cf402ed1b8621586b5963bc9efd49a48/pyobjc_core-12.2.2-cp314-cp314-macosx_10_15_universal2.whl", hash = "sha256:2062e8ad30a310441cd022544a897553408bebeaa7820d5edba3c96fd7fd693b", size = 6421184, upload-time = "2026-08-11T19:30:21.081Z" },
    { url = "https://files.pythonhosted.org/packages/04/f1/d138fd9b9a66ea8db56a8138b77d3413b85da3defe13363a19f364f85529/pyobjc_core-12.2.2-cp314-cp314t-macosx_10_15_universal2.whl", hash = "sha256:2c7ef3d2f865b4b3ebb14ec3556f7a3e8abb6d130c67275cd9daa08dbd6e4e4e", size = 6671824, upload-time = "2026-08-11T19:30:25.005Z" },
    { url = "https://files.pythonhosted.org/packages/d5/85/577e2265cccf59daf48c460f0a8deeaf7dbe2991227a8859ab1eeab4945e/pyobjc_core-12.2.2-cp315-cp315-macosx_10_15_universal2.whl", hash = "sha256:89acc6bc13aaa6e3f52b0ce652ede7e201edb6bf062741b246b0c5a44582f25f", size = 6477694, upload-time = "2026-08-11T19:30:28.821Z" },
    { url = "https://files.pythonhosted.org/packages/77/0a/bd9f830c64c6f334530831e75c01bfe0a770a3fbb00fddc70329223118b3/pyobjc_core-12.2.2-cp315-cp315t-macosx_10_15_universal2.whl", hash = "sha256:59a77038ebe0ab1240f61c341e7fb67b8674f2b4cd41bc71a6472511a12b50f7", size = 6712233, upload-time = "2026-08-11T19:30:33.032Z" },
]

[[package]]
name = "pyobjc-framework-cocoa"
version = "12.2.2"
source = { registry = "https://pypi.org/simple" }
dependencies = [
    { name = "pyobjc-core" },
]
sdist = { url = "https://files.pythonhosted.org/packages/75/76/49c6da2c6a831020b4854ba20079d5a1030474bffc776b7b73c2eeff8c15/pyobjc_framework_cocoa-12.2.2.tar.gz", hash = "sha256:c96c0ef69a71afbbb0e6a7d594b455c5fe47d62e0db376ee7a2b4b828c16ace9", size = 3132831, upload-time = "2026-08-11T19:44:02.288Z" }
wheels = [
    { url = "https://files.pythonhosted.org/packages/db/e1/5d9b04ebb60042b9cb49adc2d33115e2f2c2e4ff7d548017bfaff8b7f536/pyobjc_framework_cocoa-12.2.2-cp313-cp313-macosx_10_13_universal2.whl", hash = "sha256:600b1723184ca094931330e79355274949965460e23de38628d601b5a967baf9", size = 388181, upload-time = "2026-08-11T19:32:44.537Z" },
    { url = "https://files.pythonhosted.org/packages/b4/25/2a343357d5fe09bbe9c0e294dc03450866a0d6c1792fad36b6bcc00174c0/pyobjc_framework_cocoa-12.2.2-cp313-cp313t-macosx_10_13_universal2.whl", hash = "sha256:875f2aad73963faa81a6b36ae674fd494a4658d6d999e1075e0e2aca3d2391df", size = 392275, upload-time = "2026-08-11T19:32:45.631Z" },
    { url = "https://files.pythonhosted.org/packages/1f/1a/b99521999b9f54b89aad928ddff0faad507abfe33bc46599454bfa48a4b2/pyobjc_framework_cocoa-12.2.2-cp314-cp314-macosx_10_15_universal2.whl", hash = "sha256:889d7bbd4ba2d4941078bfbbfb882138e51dbead27df006abfe0f2e0d49b5b2e", size = 388368, upload-time = "2026-08-11T19:32:46.781Z" },
    { url = "https://files.pythonhosted.org/packages/6d/26/0c697dbc73dcc76bc0f68ea5aeed25bf7b05217df5102659e878501b2d5f/pyobjc_framework_cocoa-12.2.2-cp314-cp314t-macosx_10_15_universal2.whl", hash = "sha256:de69c5933750f3a4599ed962eccd92b6a71914c7e4318dacc7895738a8ae60d7", size = 392404, upload-time = "2026-08-11T19:32:47.918Z" },
    { url = "https://files.pythonhosted.org/packages/df/82/502f740fd8f4e9ef741c9d40ba67467ab2c8196f2c09dcba12936d28a4fd/pyobjc_framework_cocoa-12.2.2-cp315-cp315-macosx_10_15_universal2.whl", hash = "sha256:0e8ace0d44a00d281281a723d17fcd05eea7544a38a6a512e1fd018ddb7aece2", size = 388585, upload-time = "2026-08-11T19:32:49.171Z" },
    { url = "https://files.pythonhosted.org/packages/7d/3b/07ce3c0ab8d1e9e1bed74fea1bf1cce73527a365a7a23c755051d3be9865/pyobjc_framework_cocoa-12.2.2-cp315-cp315t-macosx_10_15_universal2.whl", hash = "sha256:8fe5b2e79c9530f667b4e58a87a3a15ea62f86a5d19eec405517ecbd4f454868", size = 392693, upload-time = "2026-08-11T19:32:50.283Z" },
]

[[package]]
name = "pyobjc-framework-quartz"
version = "12.2.2"
source = { registry = "https://pypi.org/simple" }
dependencies = [
    { name = "pyobjc-core" },
    { name = "pyobjc-framework-cocoa" },
]
sdist = { url = "https://files.pythonhosted.org/packages/35/b1/426a37c7ae37280b3ffca2571fb48f211946aee2f4ca31a603ed1943c4a7/pyobjc_framework_quartz-12.2.2.tar.gz", hash = "sha256:810f97b210cfd93704d240860286dfd6df09f9f1c52525fc5c2166723aea3f9e", size = 3218295, upload-time = "2026-08-11T19:45:15.189Z" }
wheels = [
    { url = "https://files.pythonhosted.org/packages/bb/ae/b515852dbe491171f2f2e2eb7739588a5eb7f36720a739545337b8c0d706/pyobjc_framework_quartz-12.2.2-cp313-cp313-macosx_10_13_universal2.whl", hash = "sha256:0ec9751904ef975bf0789d760dc4fadcb400edc4ffe4a736eb54971968babe5c", size = 219404, upload-time = "2026-08-11T19:40:25.461Z" },
    { url = "https://files.pythonhosted.org/packages/ff/5f/c7ee66f4483385396d91f65036c62f3dd20bccaa07354643ef17b259aa75/pyobjc_framework_quartz-12.2.2-cp313-cp313t-macosx_10_13_universal2.whl", hash = "sha256:63f6f0f3233dcf650aac1374781e78961b0b17b33e3351953bacf8bd0c430593", size = 224462, upload-time = "2026-08-11T19:40:26.647Z" },
    { url = "https://files.pythonhosted.org/packages/b1/33/230ae7777b0909fe2c24f28413c51c860faebf762d824b097a0e2fb48304/pyobjc_framework_quartz-12.2.2-cp314-cp314-macosx_10_15_universal2.whl", hash = "sha256:1f7f3d9010e38f03ea1fa266664c10ea349cd7492bd603b403584f49d713dbed", size = 219773, upload-time = "2026-08-11T19:40:27.64Z" },
    { url = "https://files.pythonhosted.org/packages/25/eb/7482fdd384521916e98a6164be220494b1f7794792b1d60fa3f5207d84a4/pyobjc_framework_quartz-12.2.2-cp314-cp314t-macosx_10_15_universal2.whl", hash = "sha256:ebf8167ca2096cf3a05199decfa517be0df4c56048f49cf132bd6b1a6ab9c086", size = 224726, upload-time = "2026-08-11T19:40:28.718Z" },
    { url = "https://files.pythonhosted.org/packages/33/67/b4b0ffc486b08492bfef4b33731d044b295f1696c8fb7d119c8367079139/pyobjc_framework_quartz-12.2.2-cp315-cp315-macosx_10_15_universal2.whl", hash = "sha256:cee63b891c2b6b7ccf98f233175411529f3e80286f58438793b3634af79858f1", size = 219827, upload-time = "2026-08-11T19:40:29.764Z" },
    { url = "https://files.pythonhosted.org/packages/aa/eb/5fb627c2457046883c6fd12d25c44db40c12bcde4622dc0f30851108e106/pyobjc_framework_quartz-12.2.2-cp315-cp315t-macosx_10_15_universal2.whl", hash = "sha256:8f58c589b5a76ba98f186b1f3b19fb1c8b730e82351f81fb62e6194f64a71622", size = 224767, upload-time = "2026-08-11T19:40:30.991Z" },
]

[[package]]
name = "pyperclip"
version = "1.9.0"
source = { registry = "https://pypi.org/simple" }
sdist = { url = "https://files.pythonhosted.org/packages/30/23/2f0a3efc4d6a32f3b63cdff36cd398d9701d26cda58e3ab97ac79fb5e60d/pyperclip-1.9.0.tar.gz", hash = "sha256:b7de0142ddc81bfc5c7507eea19da920b92252b548b96186caf94a5e2527d310", size = 20961, upload-time = "2024-06-18T20:38:48.401Z" }

[[package]]
name = "pyrect"
version = "0.2.0"
source = { registry = "https://pypi.org/simple" }
sdist = { url = "https://files.pythonhosted.org/packages/cb/04/2ba023d5f771b645f7be0c281cdacdcd939fe13d1deb331fc5ed1a6b3a98/PyRect-0.2.0.tar.gz", hash = "sha256:f65155f6df9b929b67caffbd57c0947c5ae5449d3b580d178074bffb47a09b78", size = 17219, upload-time = "2022-03-16T04:45:52.36Z" }

[[package]]
name = "pyscreeze"
version = "1.0.1"
source = { registry = "https://pypi.org/simple" }
sdist = { url = "https://files.pythonhosted.org/packages/ee/f0/cb456ac4f1a73723d5b866933b7986f02bacea27516629c00f8e7da94c2d/pyscreeze-1.0.1.tar.gz", hash = "sha256:cf1662710f1b46aa5ff229ee23f367da9e20af4a78e6e365bee973cad0ead4be", size = 27826, upload-time = "2024-08-20T23:03:07.291Z" }

[[package]]
name = "python-telegram-bot"
version = "21.10"
source = { registry = "https://pypi.org/simple" }
dependencies = [
    { name = "httpx" },
]
sdist = { url = "https://files.pythonhosted.org/packages/4b/bc/3a00800cc495e3b4c031c5402faa2fc36b6411438d0fd91175f0c8f59471/python_telegram_bot-21.10.tar.gz", hash = "sha256:40481a8c4814ce2e530a21ce45d389695b0b210c5fb9dc75b8529aba8c9e76f8", size = 438289, upload-time = "2025-01-03T11:13:25.09Z" }
wheels = [
    { url = "https://files.pythonhosted.org/packages/f3/2f/b0823ff9ff7bca716ff05b8bfb3e1f058e0dd1f89fc8ec838e5467c1ffdd/python_telegram_bot-21.10-py3-none-any.whl", hash = "sha256:c874d2461d6bfa4b05c314cf6116cf1dafe537689aa8249924dd988603b6ba21", size = 669463, upload-time = "2025-01-03T11:13:22.751Z" },
]

[[package]]
name = "python3-xlib"
version = "0.15"
source = { registry = "https://pypi.org/simple" }
sdist = { url = "https://files.pythonhosted.org/packages/ef/c6/2c5999de3bb1533521f1101e8fe56fd9c266732f4d48011c7c69b29d12ae/python3-xlib-0.15.tar.gz", hash = "sha256:dc4245f3ae4aa5949c1d112ee4723901ade37a96721ba9645f2bfa56e5b383f8", size = 132828, upload-time = "2014-05-31T12:28:59.603Z" }

[[package]]
name = "pytweening"
version = "1.2.0"
source = { registry = "https://pypi.org/simple" }
sdist = { url = "https://files.pythonhosted.org/packages/79/0c/c16bc93ac2755bac0066a8ecbd2a2931a1735a6fffd99a2b9681c7e83e90/pytweening-1.2.0.tar.gz", hash = "sha256:243318b7736698066c5f362ec5c2b6434ecf4297c3c8e7caa8abfe6af4cac71b", size = 171241, upload-time = "2024-02-20T03:37:56.809Z" }

[[package]]
name = "pywin32-ctypes"
version = "0.2.3"
source = { registry = "https://pypi.org/simple" }
sdist = { url = "https://files.pythonhosted.org/packages/85/9f/01a1a99704853cb63f253eea009390c88e7131c67e66a0a02099a8c917cb/pywin32-ctypes-0.2.3.tar.gz", hash = "sha256:d162dc04946d704503b2edc4d55f3dba5c1d539ead017afa00142c38b9885755", size = 29471, upload-time = "2024-08-14T10:15:34.626Z" }
wheels = [
    { url = "https://files.pythonhosted.org/packages/de/3d/8161f7711c017e01ac9f008dfddd9410dff3674334c233bde66e7ba65bbf/pywin32_ctypes-0.2.3-py3-none-any.whl", hash = "sha256:8a1513379d709975552d202d942d9837758905c8d01eb82b8bcc30918929e7b8", size = 30756, upload-time = "2024-08-14T10:15:33.187Z" },
]

[[package]]
name = "repl-nix-workspace"
version = "0.1.0"
source = { virtual = "." }
dependencies = [
    { name = "pillow" },
    { name = "pyautogui" },
    { name = "pyinstaller" },
    { name = "pyperclip" },
    { name = "python-telegram-bot" },
    { name = "websockets" },
]

[package.metadata]
requires-dist = [
    { name = "pillow", specifier = "==10.4.0" },
    { name = "pyautogui", specifier = "==0.9.54" },
    { name = "pyinstaller", specifier = "==6.10.0" },
    { name = "pyperclip", specifier = "==1.9.0" },
    { name = "python-telegram-bot", specifier = "==21.10" },
    { name = "websockets", specifier = "==12.0" },
]

[[package]]
name = "rubicon-objc"
version = "0.5.6"
source = { registry = "https://pypi.org/simple" }
sdist = { url = "https://files.pythonhosted.org/packages/0d/26/3e6bb0bfd41ff446d29931205088556055ec18c31bf099d6719c281c448c/rubicon_objc-0.5.6.tar.gz", hash = "sha256:0d3b0a9889f72916c095a58e7e1c275c260cb8a86b8ef8b909e60cb002fd54d5", size = 189833, upload-time = "2026-07-02T06:08:16.38Z" }
wheels = [
    { url = "https://files.pythonhosted.org/packages/26/a6/cf07f7f931a7fab57b866ed086b15e75bff4a908084b71e74b42798207bf/rubicon_objc-0.5.6-py3-none-any.whl", hash = "sha256:b53f6fc458d78ddf2ce82365c34e234ae85cd8217c983438ae4bf9e1bd1252b3", size = 66152, upload-time = "2026-07-02T06:08:14.995Z" },
]

[[package]]
name = "setuptools"
version = "84.0.0"
source = { registry = "https://pypi.org/simple" }
sdist = { url = "https://files.pythonhosted.org/packages/6d/44/f5da03a8ef95d369145c5bb53050e7877c9f3d312e128605fd9504829143/setuptools-84.0.0.tar.gz", hash = "sha256:f4695c21257f0d9b537ec2692c941d02ee143b7cc1276941349a546573b2ef73", size = 1168449, upload-time = "2026-08-08T18:27:58.365Z" }
wheels = [
    { url = "https://files.pythonhosted.org/packages/95/9c/c510029fc6ef33a6275cd2c5d3cecd6613dfd6aa401d57c54f1c18852ccf/setuptools-84.0.0-py3-none-any.whl", hash = "sha256:51a52592b3b99e102b609654876bd65f19f999935166d1352678931132b0c670", size = 818216, upload-time = "2026-08-08T18:27:56.719Z" },
]

[[package]]
name = "websockets"
version = "12.0"
source = { registry = "https://pypi.org/simple" }
sdist = { url = "https://files.pythonhosted.org/packages/2e/62/7a7874b7285413c954a4cca3c11fd851f11b2fe5b4ae2d9bee4f6d9bdb10/websockets-12.0.tar.gz", hash = "sha256:81df9cbcbb6c260de1e007e58c011bfebe2dafc8435107b0537f393dd38c8b1b", size = 104994, upload-time = "2023-10-21T14:21:11.88Z" }
wheels = [
    { url = "https://files.pythonhosted.org/packages/79/4d/9cc401e7b07e80532ebc8c8e993f42541534da9e9249c59ee0139dcb0352/websockets-12.0-py3-none-any.whl", hash = "sha256:dc284bbc8d7c78a6c69e0c7325ab46ee5e40bb4d50e494d8131a07ef47500e9e", size = 118370, upload-time = "2023-10-21T14:21:10.075Z" },
]
